
Microsoft Visual Studio Solution File, Format Version 12.00
# Visual Studio Version 16
VisualStudioVersion = 16.0.31702.278
MinimumVisualStudioVersion = 10.0.40219.1
Project("{9A19103F-16F7-4668-BE54-9A1E7A4F7556}") = "BurgerRaterApi", "BurgerRaterApi\BurgerRaterApi.csproj", "{2F1F6D94-6CF7-435C-958A-F30C9EE13281}"
EndProject
Project("{9A19103F-16F7-4668-BE54-9A1E7A4F7556}") = "BurgerRaterClient", "BurgerRaterClient\BurgerRaterClient.csproj", "{A9C02691-78F1-45EA-ADB3-D22EB395C886}"
EndProject
Project("{9A19103F-16F7-4668-BE54-9A1E7A4F7556}") = "BurgerRaterApi.Tests", "BurgerRaterApi.Tests\BurgerRaterApi.Tests.csproj", "{F06430EA-3F83-4781-8305-22C337989CE2}"
EndProject
Project("{FAE04EC0-301F-11D3-BF4B-00C04F79EFBC}") = "BurgerRaterApi.IntegrationTests", "BurgerRaterApi.IntegrationTests\BurgerRaterApi.IntegrationTests.csproj", "{A6522D10-CA8F-4F09-892C-0CD2F8F240BC}"
EndProject
Global
	GlobalSection(SolutionConfigurationPlatforms) = preSolution
		Debug|Any CPU = Debug|Any CPU
		Release|Any CPU = Release|Any CPU
	EndGlobalSection
	GlobalSection(ProjectConfigurationPlatforms) = postSolution
		{2F1F6D94-6CF7-435C-958A-F30C9EE13281}.Debug|Any CPU.ActiveCfg = Debug|Any CPU
		{2F1F6D94-6CF7-435C-958A-F30C9EE13281}.Debug|Any CPU.Build.0 = Debug|Any CPU
		{2F1F6D94-6CF7-435C-958A-F30C9EE13281}.Release|Any CPU.ActiveCfg = Release|Any CPU
		{2F1F6D94-6CF7-435C-958A-F30C9EE13281}.Release|Any CPU.Build.0 = Release|Any CPU
		{A9C02691-78F1-45EA-ADB3-D22EB395C886}.Debug|Any CPU.ActiveCfg = Debug|Any CPU
		{A9C02691-78F1-45EA-ADB3-D22EB395C886}.Debug|Any CPU.Build.0 = Debug|Any CPU
		{A9C02691-78F1-45EA-ADB3-D22EB395C886}.Release|Any CPU.ActiveCfg = Release|Any CPU
		{A9C02691-78F1-45EA-ADB3-D22EB395C886}.Release|Any CPU.Build.0 = Release|Any CPU
		{F06430EA-3F83-4781-8305-22C337989CE2}.Debug|Any CPU.ActiveCfg = Debug|Any CPU
		{F06430EA-3F83-4781-8305-22C337989CE2}.Debug|Any CPU.Build.0 = Debug|Any CPU
		{F06430EA-3F83-4781-8305-22C337989CE2}.Release|Any CPU.ActiveCfg = Release|Any CPU
		{F06430EA-3F83-4781-8305-22C337989CE2}.Release|Any CPU.Build.0 = Release|Any CPU
		{A6522D10-CA8F-4F09-892C-0CD2F8F240BC}.Debug|Any CPU.ActiveCfg = Debug|Any CPU
		{A6522D10-CA8F-4F09-892C-0CD2F8F240BC}.Debug|Any CPU.Build.0 = Debug|Any CPU
		{A6522D10-CA8F-4F09-892C-0CD2F8F240BC}.Release|Any CPU.ActiveCfg = Release|Any CPU
		{A6522D10-CA8F-4F09-892C-0CD2F8F240BC}.Release|Any CPU.Build.0 = Release|Any CPU
	EndGlobalSection
	GlobalSection(SolutionProperties) = preSolution
		HideSolutionNode = FALSE
	EndGlobalSection
	GlobalSection(ExtensibilityGlobals) = postSolution
		SolutionGuid = {807F97FD-1E7C-49D3-AEBE-9A09CAF65CBC}
	EndGlobalSection
EndGlobal
